
Microsoft Visual Studio Solution File, Format Version 12.00
# Visual Studio 15
VisualStudioVersion = 15.0.26124.0
MinimumVisualStudioVersion = 15.0.26124.0
Project("{FAE04EC0-301F-11D3-BF4B-00C04F79EFBC}") = "MyMath", "MyMath\MyMath.csproj", "{22E97A20-D836-49FF-A27E-3C8CE63468FD}"
EndProject
Project("{FAE04EC0-301F-11D3-BF4B-00C04F79EFBC}") = "MyMath.Tests", "MyMath.Tests\MyMath.Tests.csproj", "{CCEDDB66-BC47-4E8C-996D-C0E3EF130D5B}"
EndProject
Global
	GlobalSection(SolutionConfigurationPlatforms) = preSolution
		Debug|Any CPU = Debug|Any CPU
		Debug|x64 = Debug|x64
		Debug|x86 = Debug|x86
		Release|Any CPU = Release|Any CPU
		Release|x64 = Release|x64
		Release|x86 = Release|x86
	EndGlobalSection
	GlobalSection(SolutionProperties) = preSolution
		HideSolutionNode = FALSE
	EndGlobalSection
	GlobalSection(ProjectConfigurationPlatforms) = postSolution
		{22E97A20-D836-49FF-A27E-3C8CE63468FD}.Debug|Any CPU.ActiveCfg = Debug|Any CPU
		{22E97A20-D836-49FF-A27E-3C8CE63468FD}.Debug|Any CPU.Build.0 = Debug|Any CPU
		{22E97A20-D836-49FF-A27E-3C8CE63468FD}.Debug|x64.ActiveCfg = Debug|Any CPU
		{22E97A20-D836-49FF-A27E-3C8CE63468FD}.Debug|x64.Build.0 = Debug|Any CPU
		{22E97A20-D836-49FF-A27E-3C8CE63468FD}.Debug|x86.ActiveCfg = Debug|Any CPU
		{22E97A20-D836-49FF-A27E-3C8CE63468FD}.Debug|x86.Build.0 = Debug|Any CPU
		{22E97A20-D836-49FF-A27E-3C8CE63468FD}.Release|Any CPU.ActiveCfg = Release|Any CPU
		{22E97A20-D836-49FF-A27E-3C8CE63468FD}.Release|Any CPU.Build.0 = Release|Any CPU
		{22E97A20-D836-49FF-A27E-3C8CE63468FD}.Release|x64.ActiveCfg = Release|Any CPU
		{22E97A20-D836-49FF-A27E-3C8CE63468FD}.Release|x64.Build.0 = Release|Any CPU
		{22E97A20-D836-49FF-A27E-3C8CE63468FD}.Release|x86.ActiveCfg = Release|Any CPU
		{22E97A20-D836-49FF-A27E-3C8CE63468FD}.Release|x86.Build.0 = Release|Any CPU
		{CCEDDB66-BC47-4E8C-996D-C0E3EF130D5B}.Debug|Any CPU.ActiveCfg = Debug|Any CPU
		{CCEDDB66-BC47-4E8C-996D-C0E3EF130D5B}.Debug|Any CPU.Build.0 = Debug|Any CPU
		{CCEDDB66-BC47-4E8C-996D-C0E3EF130D5B}.Debug|x64.ActiveCfg = Debug|Any CPU
		{CCEDDB66-BC47-4E8C-996D-C0E3EF130D5B}.Debug|x64.Build.0 = Debug|Any CPU
		{CCEDDB66-BC47-4E8C-996D-C0E3EF130D5B}.Debug|x86.ActiveCfg = Debug|Any CPU
		{CCEDDB66-BC47-4E8C-996D-C0E3EF130D5B}.Debug|x86.Build.0 = Debug|Any CPU
		{CCEDDB66-BC47-4E8C-996D-C0E3EF130D5B}.Release|Any CPU.ActiveCfg = Release|Any CPU
		{CCEDDB66-BC47-4E8C-996D-C0E3EF130D5B}.Release|Any CPU.Build.0 = Release|Any CPU
		{CCEDDB66-BC47-4E8C-996D-C0E3EF130D5B}.Release|x64.ActiveCfg = Release|Any CPU
		{CCEDDB66-BC47-4E8C-996D-C0E3EF130D5B}.Release|x64.Build.0 = Release|Any CPU
		{CCEDDB66-BC47-4E8C-996D-C0E3EF130D5B}.Release|x86.ActiveCfg = Release|Any CPU
		{CCEDDB66-BC47-4E8C-996D-C0E3EF130D5B}.Release|x86.Build.0 = Release|Any CPU
	EndGlobalSection
EndGlobal
