
Microsoft Visual Studio Solution File, Format Version 12.00
# Visual Studio 15
VisualStudioVersion = 15.0.26124.0
MinimumVisualStudioVersion = 15.0.26124.0
Project("{FAE04EC0-301F-11D3-BF4B-00C04F79EFBC}") = "MyMath", "MyMath\MyMath.csproj", "{0B589FAA-F2CF-4F27-B529-2DCCB049FC81}"
EndProject
Project("{FAE04EC0-301F-11D3-BF4B-00C04F79EFBC}") = "MyMath.Tests", "MyMath.Tests\MyMath.Tests.csproj", "{4F318E47-7325-4C91-BB6C-CC4CB4A7673F}"
EndProject
Global
	GlobalSection(SolutionConfigurationPlatforms) = preSolution
		Debug|Any CPU = Debug|Any CPU
		Debug|x64 = Debug|x64
		Debug|x86 = Debug|x86
		Release|Any CPU = Release|Any CPU
		Release|x64 = Release|x64
		Release|x86 = Release|x86
	EndGlobalSection
	GlobalSection(SolutionProperties) = preSolution
		HideSolutionNode = FALSE
	EndGlobalSection
	GlobalSection(ProjectConfigurationPlatforms) = postSolution
		{0B589FAA-F2CF-4F27-B529-2DCCB049FC81}.Debug|Any CPU.ActiveCfg = Debug|Any CPU
		{0B589FAA-F2CF-4F27-B529-2DCCB049FC81}.Debug|Any CPU.Build.0 = Debug|Any CPU
		{0B589FAA-F2CF-4F27-B529-2DCCB049FC81}.Debug|x64.ActiveCfg = Debug|Any CPU
		{0B589FAA-F2CF-4F27-B529-2DCCB049FC81}.Debug|x64.Build.0 = Debug|Any CPU
		{0B589FAA-F2CF-4F27-B529-2DCCB049FC81}.Debug|x86.ActiveCfg = Debug|Any CPU
		{0B589FAA-F2CF-4F27-B529-2DCCB049FC81}.Debug|x86.Build.0 = Debug|Any CPU
		{0B589FAA-F2CF-4F27-B529-2DCCB049FC81}.Release|Any CPU.ActiveCfg = Release|Any CPU
		{0B589FAA-F2CF-4F27-B529-2DCCB049FC81}.Release|Any CPU.Build.0 = Release|Any CPU
		{0B589FAA-F2CF-4F27-B529-2DCCB049FC81}.Release|x64.ActiveCfg = Release|Any CPU
		{0B589FAA-F2CF-4F27-B529-2DCCB049FC81}.Release|x64.Build.0 = Release|Any CPU
		{0B589FAA-F2CF-4F27-B529-2DCCB049FC81}.Release|x86.ActiveCfg = Release|Any CPU
		{0B589FAA-F2CF-4F27-B529-2DCCB049FC81}.Release|x86.Build.0 = Release|Any CPU
		{4F318E47-7325-4C91-BB6C-CC4CB4A7673F}.Debug|Any CPU.ActiveCfg = Debug|Any CPU
		{4F318E47-7325-4C91-BB6C-CC4CB4A7673F}.Debug|Any CPU.Build.0 = Debug|Any CPU
		{4F318E47-7325-4C91-BB6C-CC4CB4A7673F}.Debug|x64.ActiveCfg = Debug|Any CPU
		{4F318E47-7325-4C91-BB6C-CC4CB4A7673F}.Debug|x64.Build.0 = Debug|Any CPU
		{4F318E47-7325-4C91-BB6C-CC4CB4A7673F}.Debug|x86.ActiveCfg = Debug|Any CPU
		{4F318E47-7325-4C91-BB6C-CC4CB4A7673F}.Debug|x86.Build.0 = Debug|Any CPU
		{4F318E47-7325-4C91-BB6C-CC4CB4A7673F}.Release|Any CPU.ActiveCfg = Release|Any CPU
		{4F318E47-7325-4C91-BB6C-CC4CB4A7673F}.Release|Any CPU.Build.0 = Release|Any CPU
		{4F318E47-7325-4C91-BB6C-CC4CB4A7673F}.Release|x64.ActiveCfg = Release|Any CPU
		{4F318E47-7325-4C91-BB6C-CC4CB4A7673F}.Release|x64.Build.0 = Release|Any CPU
		{4F318E47-7325-4C91-BB6C-CC4CB4A7673F}.Release|x86.ActiveCfg = Release|Any CPU
		{4F318E47-7325-4C91-BB6C-CC4CB4A7673F}.Release|x86.Build.0 = Release|Any CPU
	EndGlobalSection
EndGlobal
