
Microsoft Visual Studio Solution File, Format Version 12.00
# Visual Studio 15
VisualStudioVersion = 15.0.26124.0
MinimumVisualStudioVersion = 15.0.26124.0
Project("{FAE04EC0-301F-11D3-BF4B-00C04F79EFBC}") = "MyMath", "MyMath\MyMath.csproj", "{99F71C1A-1654-450B-8860-3C40DCE06607}"
EndProject
Project("{FAE04EC0-301F-11D3-BF4B-00C04F79EFBC}") = "MyMath.Tests", "MyMath.Tests\MyMath.Tests.csproj", "{B1F34BB1-9FAA-4710-B899-CF44FD5198F6}"
EndProject
Global
	GlobalSection(SolutionConfigurationPlatforms) = preSolution
		Debug|Any CPU = Debug|Any CPU
		Debug|x64 = Debug|x64
		Debug|x86 = Debug|x86
		Release|Any CPU = Release|Any CPU
		Release|x64 = Release|x64
		Release|x86 = Release|x86
	EndGlobalSection
	GlobalSection(SolutionProperties) = preSolution
		HideSolutionNode = FALSE
	EndGlobalSection
	GlobalSection(ProjectConfigurationPlatforms) = postSolution
		{99F71C1A-1654-450B-8860-3C40DCE06607}.Debug|Any CPU.ActiveCfg = Debug|Any CPU
		{99F71C1A-1654-450B-8860-3C40DCE06607}.Debug|Any CPU.Build.0 = Debug|Any CPU
		{99F71C1A-1654-450B-8860-3C40DCE06607}.Debug|x64.ActiveCfg = Debug|Any CPU
		{99F71C1A-1654-450B-8860-3C40DCE06607}.Debug|x64.Build.0 = Debug|Any CPU
		{99F71C1A-1654-450B-8860-3C40DCE06607}.Debug|x86.ActiveCfg = Debug|Any CPU
		{99F71C1A-1654-450B-8860-3C40DCE06607}.Debug|x86.Build.0 = Debug|Any CPU
		{99F71C1A-1654-450B-8860-3C40DCE06607}.Release|Any CPU.ActiveCfg = Release|Any CPU
		{99F71C1A-1654-450B-8860-3C40DCE06607}.Release|Any CPU.Build.0 = Release|Any CPU
		{99F71C1A-1654-450B-8860-3C40DCE06607}.Release|x64.ActiveCfg = Release|Any CPU
		{99F71C1A-1654-450B-8860-3C40DCE06607}.Release|x64.Build.0 = Release|Any CPU
		{99F71C1A-1654-450B-8860-3C40DCE06607}.Release|x86.ActiveCfg = Release|Any CPU
		{99F71C1A-1654-450B-8860-3C40DCE06607}.Release|x86.Build.0 = Release|Any CPU
		{B1F34BB1-9FAA-4710-B899-CF44FD5198F6}.Debug|Any CPU.ActiveCfg = Debug|Any CPU
		{B1F34BB1-9FAA-4710-B899-CF44FD5198F6}.Debug|Any CPU.Build.0 = Debug|Any CPU
		{B1F34BB1-9FAA-4710-B899-CF44FD5198F6}.Debug|x64.ActiveCfg = Debug|Any CPU
		{B1F34BB1-9FAA-4710-B899-CF44FD5198F6}.Debug|x64.Build.0 = Debug|Any CPU
		{B1F34BB1-9FAA-4710-B899-CF44FD5198F6}.Debug|x86.ActiveCfg = Debug|Any CPU
		{B1F34BB1-9FAA-4710-B899-CF44FD5198F6}.Debug|x86.Build.0 = Debug|Any CPU
		{B1F34BB1-9FAA-4710-B899-CF44FD5198F6}.Release|Any CPU.ActiveCfg = Release|Any CPU
		{B1F34BB1-9FAA-4710-B899-CF44FD5198F6}.Release|Any CPU.Build.0 = Release|Any CPU
		{B1F34BB1-9FAA-4710-B899-CF44FD5198F6}.Release|x64.ActiveCfg = Release|Any CPU
		{B1F34BB1-9FAA-4710-B899-CF44FD5198F6}.Release|x64.Build.0 = Release|Any CPU
		{B1F34BB1-9FAA-4710-B899-CF44FD5198F6}.Release|x86.ActiveCfg = Release|Any CPU
		{B1F34BB1-9FAA-4710-B899-CF44FD5198F6}.Release|x86.Build.0 = Release|Any CPU
	EndGlobalSection
EndGlobal
